
Microsoft Visual Studio Solution File, Format Version 12.00
# Visual Studio Version 17
VisualStudioVersion = 17.4.33205.214
MinimumVisualStudioVersion = 10.0.40219.1
Project("{8BC9CEB8-8B4A-11D0-8D11-00A0C91BC942}") = "MS3", "MS3.vcxproj", "{A8BBBA42-5F2A-497E-92B6-3A0F2EEF2B53}"
EndProject
Global
	GlobalSection(SolutionConfigurationPlatforms) = preSolution
		Debug|x64 = Debug|x64
		Debug|x86 = Debug|x86
		Release|x64 = Release|x64
		Release|x86 = Release|x86
	EndGlobalSection
	GlobalSection(ProjectConfigurationPlatforms) = postSolution
		{A8BBBA42-5F2A-497E-92B6-3A0F2EEF2B53}.Debug|x64.ActiveCfg = Debug|x64
		{A8BBBA42-5F2A-497E-92B6-3A0F2EEF2B53}.Debug|x64.Build.0 = Debug|x64
		{A8BBBA42-5F2A-497E-92B6-3A0F2EEF2B53}.Debug|x86.ActiveCfg = Debug|Win32
		{A8BBBA42-5F2A-497E-92B6-3A0F2EEF2B53}.Debug|x86.Build.0 = Debug|Win32
		{A8BBBA42-5F2A-497E-92B6-3A0F2EEF2B53}.Release|x64.ActiveCfg = Release|x64
		{A8BBBA42-5F2A-497E-92B6-3A0F2EEF2B53}.Release|x64.Build.0 = Release|x64
		{A8BBBA42-5F2A-497E-92B6-3A0F2EEF2B53}.Release|x86.ActiveCfg = Release|Win32
		{A8BBBA42-5F2A-497E-92B6-3A0F2EEF2B53}.Release|x86.Build.0 = Release|Win32
	EndGlobalSection
	GlobalSection(SolutionProperties) = preSolution
		HideSolutionNode = FALSE
	EndGlobalSection
	GlobalSection(ExtensibilityGlobals) = postSolution
		SolutionGuid = {11ABC826-9D30-4372-AB1D-EBCD065E567D}
	EndGlobalSection
EndGlobal
